
Microsoft Visual Studio Solution File, Format Version 12.00
# Visual Studio Version 17
VisualStudioVersion = 17.4.33110.190
MinimumVisualStudioVersion = 10.0.40219.1
Project("{FAE04EC0-301F-11D3-BF4B-00C04F79EFBC}") = "NZWalks.API", "NZWalks.API\NZWalks.API.csproj", "{FEA3D8D6-4AA5-4C72-8E33-DFBA372C5453}"
EndProject
Global
	GlobalSection(SolutionConfigurationPlatforms) = preSolution
		Debug|Any CPU = Debug|Any CPU
		Release|Any CPU = Release|Any CPU
	EndGlobalSection
	GlobalSection(ProjectConfigurationPlatforms) = postSolution
		{FEA3D8D6-4AA5-4C72-8E33-DFBA372C5453}.Debug|Any CPU.ActiveCfg = Debug|Any CPU
		{FEA3D8D6-4AA5-4C72-8E33-DFBA372C5453}.Debug|Any CPU.Build.0 = Debug|Any CPU
		{FEA3D8D6-4AA5-4C72-8E33-DFBA372C5453}.Release|Any CPU.ActiveCfg = Release|Any CPU
		{FEA3D8D6-4AA5-4C72-8E33-DFBA372C5453}.Release|Any CPU.Build.0 = Release|Any CPU
	EndGlobalSection
	GlobalSection(SolutionProperties) = preSolution
		HideSolutionNode = FALSE
	EndGlobalSection
	GlobalSection(ExtensibilityGlobals) = postSolution
		SolutionGuid = {69B6D9BD-0EA9-48E7-9390-6ACB6DFC4F51}
	EndGlobalSection
EndGlobal
